
Microsoft Visual Studio Solution File, Format Version 12.00
# Visual Studio Version 17
VisualStudioVersion = 17.0.31612.314
MinimumVisualStudioVersion = 10.0.40219.1
Project("{FAE04EC0-301F-11D3-BF4B-00C04F79EFBC}") = "CSharpDiscordWebhook", "CSharpDiscordWebhook\CSharpDiscordWebhook.csproj", "{8845F75C-D334-40D3-A0A7-716CAC45963C}"
EndProject
Project("{FAE04EC0-301F-11D3-BF4B-00C04F79EFBC}") = "CSharpDiscordWebhook.Tests", "CSharpDiscordWebhook.Tests\CSharpDiscordWebhook.Tests.csproj", "{72116326-ACC0-407F-8C05-51A4EA58F505}"
EndProject
Global
	GlobalSection(SolutionConfigurationPlatforms) = preSolution
		Debug|Any CPU = Debug|Any CPU
		DebugDN|Any CPU = DebugDN|Any CPU
		DebugDNF|Any CPU = DebugDNF|Any CPU
		DebugDotNetFramework|Any CPU = DebugDotNetFramework|Any CPU
		DebugFULL|Any CPU = DebugFULL|Any CPU
		Release|Any CPU = Release|Any CPU
	EndGlobalSection
	GlobalSection(ProjectConfigurationPlatforms) = postSolution
		{8845F75C-D334-40D3-A0A7-716CAC45963C}.Debug|Any CPU.ActiveCfg = Debug|Any CPU
		{8845F75C-D334-40D3-A0A7-716CAC45963C}.Debug|Any CPU.Build.0 = Debug|Any CPU
		{8845F75C-D334-40D3-A0A7-716CAC45963C}.DebugDN|Any CPU.ActiveCfg = Debug|Any CPU
		{8845F75C-D334-40D3-A0A7-716CAC45963C}.DebugDN|Any CPU.Build.0 = Debug|Any CPU
		{8845F75C-D334-40D3-A0A7-716CAC45963C}.DebugDNF|Any CPU.ActiveCfg = Debug|Any CPU
		{8845F75C-D334-40D3-A0A7-716CAC45963C}.DebugDNF|Any CPU.Build.0 = Debug|Any CPU
		{8845F75C-D334-40D3-A0A7-716CAC45963C}.DebugDotNetFramework|Any CPU.ActiveCfg = Debug|Any CPU
		{8845F75C-D334-40D3-A0A7-716CAC45963C}.DebugDotNetFramework|Any CPU.Build.0 = Debug|Any CPU
		{8845F75C-D334-40D3-A0A7-716CAC45963C}.DebugFULL|Any CPU.ActiveCfg = Debug|Any CPU
		{8845F75C-D334-40D3-A0A7-716CAC45963C}.DebugFULL|Any CPU.Build.0 = Debug|Any CPU
		{8845F75C-D334-40D3-A0A7-716CAC45963C}.Release|Any CPU.ActiveCfg = Release|Any CPU
		{8845F75C-D334-40D3-A0A7-716CAC45963C}.Release|Any CPU.Build.0 = Release|Any CPU
		{72116326-ACC0-407F-8C05-51A4EA58F505}.Debug|Any CPU.ActiveCfg = Debug|Any CPU
		{72116326-ACC0-407F-8C05-51A4EA58F505}.Debug|Any CPU.Build.0 = Debug|Any CPU
		{72116326-ACC0-407F-8C05-51A4EA58F505}.DebugDN|Any CPU.ActiveCfg = Debug|Any CPU
		{72116326-ACC0-407F-8C05-51A4EA58F505}.DebugDN|Any CPU.Build.0 = Debug|Any CPU
		{72116326-ACC0-407F-8C05-51A4EA58F505}.DebugDNF|Any CPU.ActiveCfg = Debug|Any CPU
		{72116326-ACC0-407F-8C05-51A4EA58F505}.DebugDNF|Any CPU.Build.0 = Debug|Any CPU
		{72116326-ACC0-407F-8C05-51A4EA58F505}.DebugDotNetFramework|Any CPU.ActiveCfg = Debug|Any CPU
		{72116326-ACC0-407F-8C05-51A4EA58F505}.DebugDotNetFramework|Any CPU.Build.0 = Debug|Any CPU
		{72116326-ACC0-407F-8C05-51A4EA58F505}.DebugFULL|Any CPU.ActiveCfg = Debug|Any CPU
		{72116326-ACC0-407F-8C05-51A4EA58F505}.DebugFULL|Any CPU.Build.0 = Debug|Any CPU
		{72116326-ACC0-407F-8C05-51A4EA58F505}.Release|Any CPU.ActiveCfg = Release|Any CPU
		{72116326-ACC0-407F-8C05-51A4EA58F505}.Release|Any CPU.Build.0 = Release|Any CPU
	EndGlobalSection
	GlobalSection(SolutionProperties) = preSolution
		HideSolutionNode = FALSE
	EndGlobalSection
	GlobalSection(ExtensibilityGlobals) = postSolution
		SolutionGuid = {9DF21E24-5B4E-4441-9D6F-2E8C9AAC197C}
	EndGlobalSection
EndGlobal
